
Microsoft Visual Studio Solution File, Format Version 12.00
Project("{2150E333-8FDC-42A3-9474-1A3956D46DE8}") = "src", "src", "{56B469D6-FCE5-4614-A925-A32784A600B4}"
EndProject
Project("{FAE04EC0-301F-11D3-BF4B-00C04F79EFBC}") = "Videa.Data.CQRS", "src\Videa.Data.CQRS\Videa.Data.CQRS.csproj", "{EEE68908-9CDA-4BAD-B5F4-C4AEF7C48CF6}"
EndProject
Project("{FAE04EC0-301F-11D3-BF4B-00C04F79EFBC}") = "Videa.Data.CQRS.Dapper", "src\Videa.Data.CQRS.Dapper\Videa.Data.CQRS.Dapper.csproj", "{924342C6-AF90-4C80-AC60-AAA806A9ED63}"
EndProject
Project("{FAE04EC0-301F-11D3-BF4B-00C04F79EFBC}") = "Videa.Data.CQRS.Dapper.Extensions.Microsoft.DependencyInjection", "src\Videa.Data.CQRS.Dapper.Extensions.Microsoft.DependencyInjection\Videa.Data.CQRS.Dapper.Extensions.Microsoft.DependencyInjection.csproj", "{7A40367F-B90E-4AB8-8CFA-6F05CD994D9D}"
EndProject
Project("{FAE04EC0-301F-11D3-BF4B-00C04F79EFBC}") = "Videa.Data.CQRS.Extensions.Microsoft.DependencyInjection", "src\Videa.Data.CQRS.Extensions.Microsoft.DependencyInjection\Videa.Data.CQRS.Extensions.Microsoft.DependencyInjection.csproj", "{E3429529-B239-461F-AE09-00FC4090D7A0}"
EndProject
Project("{2150E333-8FDC-42A3-9474-1A3956D46DE8}") = "test", "test", "{1F8398C4-8A20-46F9-B1FD-28030BEB8347}"
EndProject
Project("{FAE04EC0-301F-11D3-BF4B-00C04F79EFBC}") = "Videa.Data.CQRS.Dapper.Tests", "test\Videa.Data.CQRS.Dapper.Tests\Videa.Data.CQRS.Dapper.Tests.csproj", "{883B620D-674C-46CD-AB12-D960D2B5126C}"
EndProject
Global
	GlobalSection(SolutionConfigurationPlatforms) = preSolution
		Debug|Any CPU = Debug|Any CPU
		Release|Any CPU = Release|Any CPU
	EndGlobalSection
	GlobalSection(NestedProjects) = preSolution
		{EEE68908-9CDA-4BAD-B5F4-C4AEF7C48CF6} = {56B469D6-FCE5-4614-A925-A32784A600B4}
		{924342C6-AF90-4C80-AC60-AAA806A9ED63} = {56B469D6-FCE5-4614-A925-A32784A600B4}
		{7A40367F-B90E-4AB8-8CFA-6F05CD994D9D} = {56B469D6-FCE5-4614-A925-A32784A600B4}
		{E3429529-B239-461F-AE09-00FC4090D7A0} = {56B469D6-FCE5-4614-A925-A32784A600B4}
		{883B620D-674C-46CD-AB12-D960D2B5126C} = {1F8398C4-8A20-46F9-B1FD-28030BEB8347}
	EndGlobalSection
	GlobalSection(ProjectConfigurationPlatforms) = postSolution
		{EEE68908-9CDA-4BAD-B5F4-C4AEF7C48CF6}.Debug|Any CPU.ActiveCfg = Debug|Any CPU
		{EEE68908-9CDA-4BAD-B5F4-C4AEF7C48CF6}.Debug|Any CPU.Build.0 = Debug|Any CPU
		{EEE68908-9CDA-4BAD-B5F4-C4AEF7C48CF6}.Release|Any CPU.ActiveCfg = Release|Any CPU
		{EEE68908-9CDA-4BAD-B5F4-C4AEF7C48CF6}.Release|Any CPU.Build.0 = Release|Any CPU
		{924342C6-AF90-4C80-AC60-AAA806A9ED63}.Debug|Any CPU.ActiveCfg = Debug|Any CPU
		{924342C6-AF90-4C80-AC60-AAA806A9ED63}.Debug|Any CPU.Build.0 = Debug|Any CPU
		{924342C6-AF90-4C80-AC60-AAA806A9ED63}.Release|Any CPU.ActiveCfg = Release|Any CPU
		{924342C6-AF90-4C80-AC60-AAA806A9ED63}.Release|Any CPU.Build.0 = Release|Any CPU
		{7A40367F-B90E-4AB8-8CFA-6F05CD994D9D}.Debug|Any CPU.ActiveCfg = Debug|Any CPU
		{7A40367F-B90E-4AB8-8CFA-6F05CD994D9D}.Debug|Any CPU.Build.0 = Debug|Any CPU
		{7A40367F-B90E-4AB8-8CFA-6F05CD994D9D}.Release|Any CPU.ActiveCfg = Release|Any CPU
		{7A40367F-B90E-4AB8-8CFA-6F05CD994D9D}.Release|Any CPU.Build.0 = Release|Any CPU
		{E3429529-B239-461F-AE09-00FC4090D7A0}.Debug|Any CPU.ActiveCfg = Debug|Any CPU
		{E3429529-B239-461F-AE09-00FC4090D7A0}.Debug|Any CPU.Build.0 = Debug|Any CPU
		{E3429529-B239-461F-AE09-00FC4090D7A0}.Release|Any CPU.ActiveCfg = Release|Any CPU
		{E3429529-B239-461F-AE09-00FC4090D7A0}.Release|Any CPU.Build.0 = Release|Any CPU
		{883B620D-674C-46CD-AB12-D960D2B5126C}.Debug|Any CPU.ActiveCfg = Debug|Any CPU
		{883B620D-674C-46CD-AB12-D960D2B5126C}.Debug|Any CPU.Build.0 = Debug|Any CPU
		{883B620D-674C-46CD-AB12-D960D2B5126C}.Release|Any CPU.ActiveCfg = Release|Any CPU
		{883B620D-674C-46CD-AB12-D960D2B5126C}.Release|Any CPU.Build.0 = Release|Any CPU
	EndGlobalSection
EndGlobal
